
Microsoft Visual Studio Solution File, Format Version 12.00
# Visual Studio Version 17
VisualStudioVersion = 17.12.35707.178 d17.12
MinimumVisualStudioVersion = 10.0.40219.1
Project("{FAE04EC0-301F-11D3-BF4B-00C04F79EFBC}") = "P01_StudentSystem", "P01_StudentSystem\P01_StudentSystem.csproj", "{ADBA8910-E455-4B1A-A738-47403CED8B29}"
EndProject
Project("{FAE04EC0-301F-11D3-BF4B-00C04F79EFBC}") = "P01_StudentSystem.Data", "P01_StudentSystem.Data\P01_StudentSystem.Data.csproj", "{5D6BA804-7A63-4EF3-81BE-760D9C315D35}"
EndProject
Project("{FAE04EC0-301F-11D3-BF4B-00C04F79EFBC}") = "P01_StudentSystem.Data.Models", "P01_StudentSystem.Data.Models\P01_StudentSystem.Data.Models.csproj", "{4D3321B1-EDE5-4082-B4BF-D2D4152587F5}"
EndProject
Global
	GlobalSection(SolutionConfigurationPlatforms) = preSolution
		Debug|Any CPU = Debug|Any CPU
		Release|Any CPU = Release|Any CPU
	EndGlobalSection
	GlobalSection(ProjectConfigurationPlatforms) = postSolution
		{ADBA8910-E455-4B1A-A738-47403CED8B29}.Debug|Any CPU.ActiveCfg = Debug|Any CPU
		{ADBA8910-E455-4B1A-A738-47403CED8B29}.Debug|Any CPU.Build.0 = Debug|Any CPU
		{ADBA8910-E455-4B1A-A738-47403CED8B29}.Release|Any CPU.ActiveCfg = Release|Any CPU
		{ADBA8910-E455-4B1A-A738-47403CED8B29}.Release|Any CPU.Build.0 = Release|Any CPU
		{5D6BA804-7A63-4EF3-81BE-760D9C315D35}.Debug|Any CPU.ActiveCfg = Debug|Any CPU
		{5D6BA804-7A63-4EF3-81BE-760D9C315D35}.Debug|Any CPU.Build.0 = Debug|Any CPU
		{5D6BA804-7A63-4EF3-81BE-760D9C315D35}.Release|Any CPU.ActiveCfg = Release|Any CPU
		{5D6BA804-7A63-4EF3-81BE-760D9C315D35}.Release|Any CPU.Build.0 = Release|Any CPU
		{4D3321B1-EDE5-4082-B4BF-D2D4152587F5}.Debug|Any CPU.ActiveCfg = Debug|Any CPU
		{4D3321B1-EDE5-4082-B4BF-D2D4152587F5}.Debug|Any CPU.Build.0 = Debug|Any CPU
		{4D3321B1-EDE5-4082-B4BF-D2D4152587F5}.Release|Any CPU.ActiveCfg = Release|Any CPU
		{4D3321B1-EDE5-4082-B4BF-D2D4152587F5}.Release|Any CPU.Build.0 = Release|Any CPU
	EndGlobalSection
	GlobalSection(SolutionProperties) = preSolution
		HideSolutionNode = FALSE
	EndGlobalSection
EndGlobal
